// !$*UTF8*$!
{
	archiveVersion = 1;
	classes = {
	};
	objectVersion = 50;
	objects = {

/* Begin PBXBuildFile section */
		BB61C404231E627900C24B47 /* AppDelegate.m in Sources */ = {isa = PBXBuildFile; fileRef = BB61C403231E627900C24B47 /* AppDelegate.m */; };
		BB61C407231E627900C24B47 /* ViewController.m in Sources */ = {isa = PBXBuildFile; fileRef = BB61C406231E627900C24B47 /* ViewController.m */; };
		BB61C40A231E627900C24B47 /* Main.storyboard in Resources */ = {isa = PBXBuildFile; fileRef = BB61C408231E627900C24B47 /* Main.storyboard */; };
		BB61C40C231E627A00C24B47 /* Assets.xcassets in Resources */ = {isa = PBXBuildFile; fileRef = BB61C40B231E627A00C24B47 /* Assets.xcassets */; };
		BB61C40F231E627A00C24B47 /* LaunchScreen.storyboard in Resources */ = {isa = PBXBuildFile; fileRef = BB61C40D231E627A00C24B47 /* LaunchScreen.storyboard */; };
		BB61C412231E627A00C24B47 /* main.m in Sources */ = {isa = PBXBuildFile; fileRef = BB61C411231E627A00C24B47 /* main.m */; };
		BB61C41C231E627A00C24B47 /* GCDDemoTests.m in Sources */ = {isa = PBXBuildFile; fileRef = BB61C41B231E627A00C24B47 /* GCDDemoTests.m */; };
		BB61C427231E627A00C24B47 /* GCDDemoUITests.m in Sources */ = {isa = PBXBuildFile; fileRef = BB61C426231E627A00C24B47 /* GCDDemoUITests.m */; };
/* End PBXBuildFile section */

/* Begin PBXContainerItemProxy section */
		BB61C418231E627A00C24B47 /* PBXContainerItemProxy */ = {
			isa = PBXContainerItemProxy;
			containerPortal = BB61C3F7231E627900C24B47 /* Project object */;
			proxyType = 1;
			remoteGlobalIDString = BB61C3FE231E627900C24B47;
			remoteInfo = GCDDemo;
		};
		BB61C423231E627A00C24B47 /* PBXContainerItemProxy */ = {
			isa = PBXContainerItemProxy;
			containerPortal = BB61C3F7231E627900C24B47 /* Project object */;
			proxyType = 1;
			remoteGlobalIDString = BB61C3FE231E627900C24B47;
			remoteInfo = GCDDemo;
		};
/* End PBXContainerItemProxy section */

/* Begin PBXFileReference section */
		BB61C3FF231E627900C24B47 /* GCDDemo.app */ = {isa = PBXFileReference; explicitFileType = wrapper.application; includeInIndex = 0; path = GCDDemo.app; sourceTree = BUILT_PRODUCTS_DIR; };
		BB61C402231E627900C24B47 /* AppDelegate.h */ = {isa = PBXFileReference; lastKnownFileType = sourcecode.c.h; path = AppDelegate.h; sourceTree = "<group>"; };
		BB61C403231E627900C24B47 /* AppDelegate.m */ = {isa = PBXFileReference; lastKnownFileType = sourcecode.c.objc; path = AppDelegate.m; sourceTree = "<group>"; };
		BB61C405231E627900C24B47 /* ViewController.h */ = {isa = PBXFileReference; lastKnownFileType = sourcecode.c.h; path = ViewController.h; sourceTree = "<group>"; };
		BB61C406231E627900C24B47 /* ViewController.m */ = {isa = PBXFileReference; lastKnownFileType = sourcecode.c.objc; path = ViewController.m; sourceTree = "<group>"; };
		BB61C409231E627900C24B47 /* Base */ = {isa = PBXFileReference; lastKnownFileType = file.storyboard; name = Base; path = Base.lproj/Main.storyboard; sourceTree = "<group>"; };
		BB61C40B231E627A00C24B47 /* Assets.xcassets */ = {isa = PBXFileReference; lastKnownFileType = folder.assetcatalog; path = Assets.xcassets; sourceTree = "<group>"; };
		BB61C40E231E627A00C24B47 /* Base */ = {isa = PBXFileReference; lastKnownFileType = file.storyboard; name = Base; path = Base.lproj/LaunchScreen.storyboard; sourceTree = "<group>"; };
		BB61C410231E627A00C24B47 /* Info.plist */ = {isa = PBXFileReference; lastKnownFileType = text.plist.xml; path = Info.plist; sourceTree = "<group>"; };
		BB61C411231E627A00C24B47 /* main.m */ = {isa = PBXFileReference; lastKnownFileType = sourcecode.c.objc; path = main.m; sourceTree = "<group>"; };
		BB61C417231E627A00C24B47 /* GCDDemoTests.xctest */ = {isa = PBXFileReference; explicitFileType = wrapper.cfbundle; includeInIndex = 0; path = GCDDemoTests.xctest; sourceTree = BUILT_PRODUCTS_DIR; };
		BB61C41B231E627A00C24B47 /* GCDDemoTests.m */ = {isa = PBXFileReference; lastKnownFileType = sourcecode.c.objc; path = GCDDemoTests.m; sourceTree = "<group>"; };
		BB61C41D231E627A00C24B47 /* Info.plist */ = {isa = PBXFileReference; lastKnownFileType = text.plist.xml; path = Info.plist; sourceTree = "<group>"; };
		BB61C422231E627A00C24B47 /* GCDDemoUITests.xctest */ = {isa = PBXFileReference; explicitFileType = wrapper.cfbundle; includeInIndex = 0; path = GCDDemoUITests.xctest; sourceTree = BUILT_PRODUCTS_DIR; };
		BB61C426231E627A00C24B47 /* GCDDemoUITests.m */ = {isa = PBXFileReference; lastKnownFileType = sourcecode.c.objc; path = GCDDemoUITests.m; sourceTree = "<group>"; };
		BB61C428231E627A00C24B47 /* Info.plist */ = {isa = PBXFileReference; lastKnownFileType = text.plist.xml; path = Info.plist; sourceTree = "<group>"; };
/* End PBXFileReference section */

/* Begin PBXFrameworksBuildPhase section */
		BB61C3FC231E627900C24B47 /* Frameworks */ = {
			isa = PBXFrameworksBuildPhase;
			buildActionMask = 2147483647;
			files = (
			);
			runOnlyForDeploymentPostprocessing = 0;
		};
		BB61C414231E627A00C24B47 /* Frameworks */ = {
			isa = PBXFrameworksBuildPhase;
			buildActionMask = 2147483647;
			files = (
			);
			runOnlyForDeploymentPostprocessing = 0;
		};
		BB61C41F231E627A00C24B47 /* Frameworks */ = {
			isa = PBXFrameworksBuildPhase;
			buildActionMask = 2147483647;
			files = (
			);
			runOnlyForDeploymentPostprocessing = 0;
		};
/* End PBXFrameworksBuildPhase section */

/* Begin PBXGroup section */
		BB61C3F6231E627900C24B47 = {
			isa = PBXGroup;
			children = (
				BB61C401231E627900C24B47 /* GCDDemo */,
				BB61C41A231E627A00C24B47 /* GCDDemoTests */,
				BB61C425231E627A00C24B47 /* GCDDemoUITests */,
				BB61C400231E627900C24B47 /* Products */,
			);
			sourceTree = "<group>";
		};
		BB61C400231E627900C24B47 /* Products */ = {
			isa = PBXGroup;
			children = (
				BB61C3FF231E627900C24B47 /* GCDDemo.app */,
				BB61C417231E627A00C24B47 /* GCDDemoTests.xctest */,
				BB61C422231E627A00C24B47 /* GCDDemoUITests.xctest */,
			);
			name = Products;
			sourceTree = "<group>";
		};
		BB61C401231E627900C24B47 /* GCDDemo */ = {
			isa = PBXGroup;
			children = (
				BB61C402231E627900C24B47 /* AppDelegate.h */,
				BB61C403231E627900C24B47 /* AppDelegate.m */,
				BB61C405231E627900C24B47 /* ViewController.h */,
				BB61C406231E627900C24B47 /* ViewController.m */,
				BB61C408231E627900C24B47 /* Main.storyboard */,
				BB61C40B231E627A00C24B47 /* Assets.xcassets */,
				BB61C40D231E627A00C24B47 /* LaunchScreen.storyboard */,
				BB61C410231E627A00C24B47 /* Info.plist */,
				BB61C411231E627A00C24B47 /* main.m */,
			);
			path = GCDDemo;
			sourceTree = "<group>";
		};
		BB61C41A231E627A00C24B47 /* GCDDemoTests */ = {
			isa = PBXGroup;
			children = (
				BB61C41B231E627A00C24B47 /* GCDDemoTests.m */,
				BB61C41D231E627A00C24B47 /* Info.plist */,
			);
			path = GCDDemoTests;
			sourceTree = "<group>";
		};
		BB61C425231E627A00C24B47 /* GCDDemoUITests */ = {
			isa = PBXGroup;
			children = (
				BB61C426231E627A00C24B47 /* GCDDemoUITests.m */,
				BB61C428231E627A00C24B47 /* Info.plist */,
			);
			path = GCDDemoUITests;
			sourceTree = "<group>";
		};
/* End PBXGroup section */

/* Begin PBXNativeTarget section */
		BB61C3FE231E627900C24B47 /* GCDDemo */ = {
			isa = PBXNativeTarget;
			buildConfigurationList = BB61C42B231E627A00C24B47 /* Build configuration list for PBXNativeTarget "GCDDemo" */;
			buildPhases = (
				BB61C3FB231E627900C24B47 /* Sources */,
				BB61C3FC231E627900C24B47 /* Frameworks */,
				BB61C3FD231E627900C24B47 /* Resources */,
			);
			buildRules = (
			);
			dependencies = (
			);
			name = GCDDemo;
			productName = GCDDemo;
			productReference = BB61C3FF231E627900C24B47 /* GCDDemo.app */;
			productType = "com.apple.product-type.application";
		};
		BB61C416231E627A00C24B47 /* GCDDemoTests */ = {
			isa = PBXNativeTarget;
			buildConfigurationList = BB61C42E231E627A00C24B47 /* Build configuration list for PBXNativeTarget "GCDDemoTests" */;
			buildPhases = (
				BB61C413231E627A00C24B47 /* Sources */,
				BB61C414231E627A00C24B47 /* Frameworks */,
				BB61C415231E627A00C24B47 /* Resources */,
			);
			buildRules = (
			);
			dependencies = (
				BB61C419231E627A00C24B47 /* PBXTargetDependency */,
			);
			name = GCDDemoTests;
			productName = GCDDemoTests;
			productReference = BB61C417231E627A00C24B47 /* GCDDemoTests.xctest */;
			productType = "com.apple.product-type.bundle.unit-test";
		};
		BB61C421231E627A00C24B47 /* GCDDemoUITests */ = {
			isa = PBXNativeTarget;
			buildConfigurationList = BB61C431231E627A00C24B47 /* Build configuration list for PBXNativeTarget "GCDDemoUITests" */;
			buildPhases = (
				BB61C41E231E627A00C24B47 /* Sources */,
				BB61C41F231E627A00C24B47 /* Frameworks */,
				BB61C420231E627A00C24B47 /* Resources */,
			);
			buildRules = (
			);
			dependencies = (
				BB61C424231E627A00C24B47 /* PBXTargetDependency */,
			);
			name = GCDDemoUITests;
			productName = GCDDemoUITests;
			productReference = BB61C422231E627A00C24B47 /* GCDDemoUITests.xctest */;
			productType = "com.apple.product-type.bundle.ui-testing";
		};
/* End PBXNativeTarget section */

/* Begin PBXProject section */
		BB61C3F7231E627900C24B47 /* Project object */ = {
			isa = PBXProject;
			attributes = {
				LastUpgradeCheck = 1010;
				ORGANIZATIONNAME = EJIAJX_wct;
				TargetAttributes = {
					BB61C3FE231E627900C24B47 = {
						CreatedOnToolsVersion = 10.1;
					};
					BB61C416231E627A00C24B47 = {
						CreatedOnToolsVersion = 10.1;
						TestTargetID = BB61C3FE231E627900C24B47;
					};
					BB61C421231E627A00C24B47 = {
						CreatedOnToolsVersion = 10.1;
						TestTargetID = BB61C3FE231E627900C24B47;
					};
				};
			};
			buildConfigurationList = BB61C3FA231E627900C24B47 /* Build configuration list for PBXProject "GCDDemo" */;
			compatibilityVersion = "Xcode 9.3";
			developmentRegion = en;
			hasScannedForEncodings = 0;
			knownRegions = (
				en,
				Base,
			);
			mainGroup = BB61C3F6231E627900C24B47;
			productRefGroup = BB61C400231E627900C24B47 /* Products */;
			projectDirPath = "";
			projectRoot = "";
			targets = (
				BB61C3FE231E627900C24B47 /* GCDDemo */,
				BB61C416231E627A00C24B47 /* GCDDemoTests */,
				BB61C421231E627A00C24B47 /* GCDDemoUITests */,
			);
		};
/* End PBXProject section */

/* Begin PBXResourcesBuildPhase section */
		BB61C3FD231E627900C24B47 /* Resources */ = {
			isa = PBXResourcesBuildPhase;
			buildActionMask = 2147483647;
			files = (
				BB61C40F231E627A00C24B47 /* LaunchScreen.storyboard in Resources */,
				BB61C40C231E627A00C24B47 /* Assets.xcassets in Resources */,
				BB61C40A231E627900C24B47 /* Main.storyboard in Resources */,
			);
			runOnlyForDeploymentPostprocessing = 0;
		};
		BB61C415231E627A00C24B47 /* Resources */ = {
			isa = PBXResourcesBuildPhase;
			buildActionMask = 2147483647;
			files = (
			);
			runOnlyForDeploymentPostprocessing = 0;
		};
		BB61C420231E627A00C24B47 /* Resources */ = {
			isa = PBXResourcesBuildPhase;
			buildActionMask = 2147483647;
			files = (
			);
			runOnlyForDeploymentPostprocessing = 0;
		};
/* End PBXResourcesBuildPhase section */

/* Begin PBXSourcesBuildPhase section */
		BB61C3FB231E627900C24B47 /* Sources */ = {
			isa = PBXSourcesBuildPhase;
			buildActionMask = 2147483647;
			files = (
				BB61C407231E627900C24B47 /* ViewController.m in Sources */,
				BB61C412231E627A00C24B47 /* main.m in Sources */,
				BB61C404231E627900C24B47 /* AppDelegate.m in Sources */,
			);
			runOnlyForDeploymentPostprocessing = 0;
		};
		BB61C413231E627A00C24B47 /* Sources */ = {
			isa = PBXSourcesBuildPhase;
			buildActionMask = 2147483647;
			files = (
				BB61C41C231E627A00C24B47 /* GCDDemoTests.m in Sources */,
			);
			runOnlyForDeploymentPostprocessing = 0;
		};
		BB61C41E231E627A00C24B47 /* Sources */ = {
			isa = PBXSourcesBuildPhase;
			buildActionMask = 2147483647;
			files = (
				BB61C427231E627A00C24B47 /* GCDDemoUITests.m in Sources */,
			);
			runOnlyForDeploymentPostprocessing = 0;
		};
/* End PBXSourcesBuildPhase section */

/* Begin PBXTargetDependency section */
		BB61C419231E627A00C24B47 /* PBXTargetDependency */ = {
			isa = PBXTargetDependency;
			target = BB61C3FE231E627900C24B47 /* GCDDemo */;
			targetProxy = BB61C418231E627A00C24B47 /* PBXContainerItemProxy */;
		};
		BB61C424231E627A00C24B47 /* PBXTargetDependency */ = {
			isa = PBXTargetDependency;
			target = BB61C3FE231E627900C24B47 /* GCDDemo */;
			targetProxy = BB61C423231E627A00C24B47 /* PBXContainerItemProxy */;
		};
/* End PBXTargetDependency section */

/* Begin PBXVariantGroup section */
		BB61C408231E627900C24B47 /* Main.storyboard */ = {
			isa = PBXVariantGroup;
			children = (
				BB61C409231E627900C24B47 /* Base */,
			);
			name = Main.storyboard;
			sourceTree = "<group>";
		};
		BB61C40D231E627A00C24B47 /* LaunchScreen.storyboard */ = {
			isa = PBXVariantGroup;
			children = (
				BB61C40E231E627A00C24B47 /* Base */,
			);
			name = LaunchScreen.storyboard;
			sourceTree = "<group>";
		};
/* End PBXVariantGroup section */

/* Begin XCBuildConfiguration section */
		BB61C429231E627A00C24B47 /* Debug */ = {
			isa = XCBuildConfiguration;
			buildSettings = {
				ALWAYS_SEARCH_USER_PATHS = NO;
				CLANG_ANALYZER_NONNULL = YES;
				CLANG_ANALYZER_NUMBER_OBJECT_CONVERSION = YES_AGGRESSIVE;
				CLANG_CXX_LANGUAGE_STANDARD = "gnu++14";
				CLANG_CXX_LIBRARY = "libc++";
				CLANG_ENABLE_MODULES = YES;
				CLANG_ENABLE_OBJC_ARC = YES;
				CLANG_ENABLE_OBJC_WEAK = YES;
				CLANG_WARN_BLOCK_CAPTURE_AUTORELEASING = YES;
				CLANG_WARN_BOOL_CONVERSION = YES;
				CLANG_WARN_COMMA = YES;
				CLANG_WARN_CONSTANT_CONVERSION = YES;
				CLANG_WARN_DEPRECATED_OBJC_IMPLEMENTATIONS = YES;
				CLANG_WARN_DIRECT_OBJC_ISA_USAGE = YES_ERROR;
				CLANG_WARN_DOCUMENTATION_COMMENTS = YES;
				CLANG_WARN_EMPTY_BODY = YES;
				CLANG_WARN_ENUM_CONVERSION = YES;
				CLANG_WARN_INFINITE_RECURSION = YES;
				CLANG_WARN_INT_CONVERSION = YES;
				CLANG_WARN_NON_LITERAL_NULL_CONVERSION = YES;
				CLANG_WARN_OBJC_IMPLICIT_RETAIN_SELF = YES;
				CLANG_WARN_OBJC_LITERAL_CONVERSION = YES;
				CLANG_WARN_OBJC_ROOT_CLASS = YES_ERROR;
				CLANG_WARN_RANGE_LOOP_ANALYSIS = YES;
				CLANG_WARN_STRICT_PROTOTYPES = YES;
				CLANG_WARN_SUSPICIOUS_MOVE = YES;
				CLANG_WARN_UNGUARDED_AVAILABILITY = YES_AGGRESSIVE;
				CLANG_WARN_UNREACHABLE_CODE = YES;
				CLANG_WARN__DUPLICATE_METHOD_MATCH = YES;
				CODE_SIGN_IDENTITY = "iPhone Developer";
				COPY_PHASE_STRIP = NO;
				DEBUG_INFORMATION_FORMAT = dwarf;
				ENABLE_STRICT_OBJC_MSGSEND = YES;
				ENABLE_TESTABILITY = YES;
				GCC_C_LANGUAGE_STANDARD = gnu11;
				GCC_DYNAMIC_NO_PIC = NO;
				GCC_NO_COMMON_BLOCKS = YES;
				GCC_OPTIMIZATION_LEVEL = 0;
				GCC_PREPROCESSOR_DEFINITIONS = (
					"DEBUG=1",
					"$(inherited)",
				);
				GCC_WARN_64_TO_32_BIT_CONVERSION = YES;
				GCC_WARN_ABOUT_RETURN_TYPE = YES_ERROR;
				GCC_WARN_UNDECLARED_SELECTOR = YES;
				GCC_WARN_UNINITIALIZED_AUTOS = YES_AGGRESSIVE;
				GCC_WARN_UNUSED_FUNCTION = YES;
				GCC_WARN_UNUSED_VARIABLE = YES;
				IPHONEOS_DEPLOYMENT_TARGET = 12.1;
				MTL_ENABLE_DEBUG_INFO = INCLUDE_SOURCE;
				MTL_FAST_MATH = YES;
				ONLY_ACTIVE_ARCH = YES;
				SDKROOT = iphoneos;
			};
			name = Debug;
		};
		BB61C42A231E627A00C24B47 /* Release */ = {
			isa = XCBuildConfiguration;
			buildSettings = {
				ALWAYS_SEARCH_USER_PATHS = NO;
				CLANG_ANALYZER_NONNULL = YES;
				CLANG_ANALYZER_NUMBER_OBJECT_CONVERSION = YES_AGGRESSIVE;
				CLANG_CXX_LANGUAGE_STANDARD = "gnu++14";
				CLANG_CXX_LIBRARY = "libc++";
				CLANG_ENABLE_MODULES = YES;
				CLANG_ENABLE_OBJC_ARC = YES;
				CLANG_ENABLE_OBJC_WEAK = YES;
				CLANG_WARN_BLOCK_CAPTURE_AUTORELEASING = YES;
				CLANG_WARN_BOOL_CONVERSION = YES;
				CLANG_WARN_COMMA = YES;
				CLANG_WARN_CONSTANT_CONVERSION = YES;
				CLANG_WARN_DEPRECATED_OBJC_IMPLEMENTATIONS = YES;
				CLANG_WARN_DIRECT_OBJC_ISA_USAGE = YES_ERROR;
				CLANG_WARN_DOCUMENTATION_COMMENTS = YES;
				CLANG_WARN_EMPTY_BODY = YES;
				CLANG_WARN_ENUM_CONVERSION = YES;
				CLANG_WARN_INFINITE_RECURSION = YES;
				CLANG_WARN_INT_CONVERSION = YES;
				CLANG_WARN_NON_LITERAL_NULL_CONVERSION = YES;
				CLANG_WARN_OBJC_IMPLICIT_RETAIN_SELF = YES;
				CLANG_WARN_OBJC_LITERAL_CONVERSION = YES;
				CLANG_WARN_OBJC_ROOT_CLASS = YES_ERROR;
				CLANG_WARN_RANGE_LOOP_ANALYSIS = YES;
				CLANG_WARN_STRICT_PROTOTYPES = YES;
				CLANG_WARN_SUSPICIOUS_MOVE = YES;
				CLANG_WARN_UNGUARDED_AVAILABILITY = YES_AGGRESSIVE;
				CLANG_WARN_UNREACHABLE_CODE = YES;
				CLANG_WARN__DUPLICATE_METHOD_MATCH = YES;
				CODE_SIGN_IDENTITY = "iPhone Developer";
				COPY_PHASE_STRIP = NO;
				DEBUG_INFORMATION_FORMAT = "dwarf-with-dsym";
				ENABLE_NS_ASSERTIONS = NO;
				ENABLE_STRICT_OBJC_MSGSEND = YES;
				GCC_C_LANGUAGE_STANDARD = gnu11;
				GCC_NO_COMMON_BLOCKS = YES;
				GCC_WARN_64_TO_32_BIT_CONVERSION = YES;
				GCC_WARN_ABOUT_RETURN_TYPE = YES_ERROR;
				GCC_WARN_UNDECLARED_SELECTOR = YES;
				GCC_WARN_UNINITIALIZED_AUTOS = YES_AGGRESSIVE;
				GCC_WARN_UNUSED_FUNCTION = YES;
				GCC_WARN_UNUSED_VARIABLE = YES;
				IPHONEOS_DEPLOYMENT_TARGET = 12.1;
				MTL_ENABLE_DEBUG_INFO = NO;
				MTL_FAST_MATH = YES;
				SDKROOT = iphoneos;
				VALIDATE_PRODUCT = YES;
			};
			name = Release;
		};
		BB61C42C231E627A00C24B47 /* Debug */ = {
			isa = XCBuildConfiguration;
			buildSettings = {
				ASSETCATALOG_COMPILER_APPICON_NAME = AppIcon;
				CODE_SIGN_STYLE = Automatic;
				DEVELOPMENT_TEAM = UJH48WSBNE;
				INFOPLIST_FILE = GCDDemo/Info.plist;
				IPHONEOS_DEPLOYMENT_TARGET = 8.0;
				LD_RUNPATH_SEARCH_PATHS = (
					"$(inherited)",
					"@executable_path/Frameworks",
				);
				PRODUCT_BUNDLE_IDENTIFIER = "wct-ejiajx.GCDDemo";
				PRODUCT_NAME = "$(TARGET_NAME)";
				TARGETED_DEVICE_FAMILY = "1,2";
			};
			name = Debug;
		};
		BB61C42D231E627A00C24B47 /* Release */ = {
			isa = XCBuildConfiguration;
			buildSettings = {
				ASSETCATALOG_COMPILER_APPICON_NAME = AppIcon;
				CODE_SIGN_STYLE = Automatic;
				DEVELOPMENT_TEAM = UJH48WSBNE;
				INFOPLIST_FILE = GCDDemo/Info.plist;
				IPHONEOS_DEPLOYMENT_TARGET = 8.0;
				LD_RUNPATH_SEARCH_PATHS = (
					"$(inherited)",
					"@executable_path/Frameworks",
				);
				PRODUCT_BUNDLE_IDENTIFIER = "wct-ejiajx.GCDDemo";
				PRODUCT_NAME = "$(TARGET_NAME)";
				TARGETED_DEVICE_FAMILY = "1,2";
			};
			name = Release;
		};
		BB61C42F231E627A00C24B47 /* Debug */ = {
			isa = XCBuildConfiguration;
			buildSettings = {
				BUNDLE_LOADER = "$(TEST_HOST)";
				CODE_SIGN_STYLE = Automatic;
				DEVELOPMENT_TEAM = UJH48WSBNE;
				INFOPLIST_FILE = GCDDemoTests/Info.plist;
				LD_RUNPATH_SEARCH_PATHS = (
					"$(inherited)",
					"@executable_path/Frameworks",
					"@loader_path/Frameworks",
				);
				PRODUCT_BUNDLE_IDENTIFIER = "wct-ejiajx.GCDDemoTests";
				PRODUCT_NAME = "$(TARGET_NAME)";
				TARGETED_DEVICE_FAMILY = "1,2";
				TEST_HOST = "$(BUILT_PRODUCTS_DIR)/GCDDemo.app/GCDDemo";
			};
			name = Debug;
		};
		BB61C430231E627A00C24B47 /* Release */ = {
			isa = XCBuildConfiguration;
			buildSettings = {
				BUNDLE_LOADER = "$(TEST_HOST)";
				CODE_SIGN_STYLE = Automatic;
				DEVELOPMENT_TEAM = UJH48WSBNE;
				INFOPLIST_FILE = GCDDemoTests/Info.plist;
				LD_RUNPATH_SEARCH_PATHS = (
					"$(inherited)",
					"@executable_path/Frameworks",
					"@loader_path/Frameworks",
				);
				PRODUCT_BUNDLE_IDENTIFIER = "wct-ejiajx.GCDDemoTests";
				PRODUCT_NAME = "$(TARGET_NAME)";
				TARGETED_DEVICE_FAMILY = "1,2";
				TEST_HOST = "$(BUILT_PRODUCTS_DIR)/GCDDemo.app/GCDDemo";
			};
			name = Release;
		};
		BB61C432231E627A00C24B47 /* Debug */ = {
			isa = XCBuildConfiguration;
			buildSettings = {
				CODE_SIGN_STYLE = Automatic;
				DEVELOPMENT_TEAM = UJH48WSBNE;
				INFOPLIST_FILE = GCDDemoUITests/Info.plist;
				LD_RUNPATH_SEARCH_PATHS = (
					"$(inherited)",
					"@executable_path/Frameworks",
					"@loader_path/Frameworks",
				);
				PRODUCT_BUNDLE_IDENTIFIER = "wct-ejiajx.GCDDemoUITests";
				PRODUCT_NAME = "$(TARGET_NAME)";
				TARGETED_DEVICE_FAMILY = "1,2";
				TEST_TARGET_NAME = GCDDemo;
			};
			name = Debug;
		};
		BB61C433231E627A00C24B47 /* Release */ = {
			isa = XCBuildConfiguration;
			buildSettings = {
				CODE_SIGN_STYLE = Automatic;
				DEVELOPMENT_TEAM = UJH48WSBNE;
				INFOPLIST_FILE = GCDDemoUITests/Info.plist;
				LD_RUNPATH_SEARCH_PATHS = (
					"$(inherited)",
					"@executable_path/Frameworks",
					"@loader_path/Frameworks",
				);
				PRODUCT_BUNDLE_IDENTIFIER = "wct-ejiajx.GCDDemoUITests";
				PRODUCT_NAME = "$(TARGET_NAME)";
				TARGETED_DEVICE_FAMILY = "1,2";
				TEST_TARGET_NAME = GCDDemo;
			};
			name = Release;
		};
/* End XCBuildConfiguration section */

/* Begin XCConfigurationList section */
		BB61C3FA231E627900C24B47 /* Build configuration list for PBXProject "GCDDemo" */ = {
			isa = XCConfigurationList;
			buildConfigurations = (
				BB61C429231E627A00C24B47 /* Debug */,
				BB61C42A231E627A00C24B47 /* Release */,
			);
			defaultConfigurationIsVisible = 0;
			defaultConfigurationName = Release;
		};
		BB61C42B231E627A00C24B47 /* Build configuration list for PBXNativeTarget "GCDDemo" */ = {
			isa = XCConfigurationList;
			buildConfigurations = (
				BB61C42C231E627A00C24B47 /* Debug */,
				BB61C42D231E627A00C24B47 /* Release */,
			);
			defaultConfigurationIsVisible = 0;
			defaultConfigurationName = Release;
		};
		BB61C42E231E627A00C24B47 /* Build configuration list for PBXNativeTarget "GCDDemoTests" */ = {
			isa = XCConfigurationList;
			buildConfigurations = (
				BB61C42F231E627A00C24B47 /* Debug */,
				BB61C430231E627A00C24B47 /* Release */,
			);
			defaultConfigurationIsVisible = 0;
			defaultConfigurationName = Release;
		};
		BB61C431231E627A00C24B47 /* Build configuration list for PBXNativeTarget "GCDDemoUITests" */ = {
			isa = XCConfigurationList;
			buildConfigurations = (
				BB61C432231E627A00C24B47 /* Debug */,
				BB61C433231E627A00C24B47 /* Release */,
			);
			defaultConfigurationIsVisible = 0;
			defaultConfigurationName = Release;
		};
/* End XCConfigurationList section */
	};
	rootObject = BB61C3F7231E627900C24B47 /* Project object */;
}
